
Microsoft Visual Studio Solution File, Format Version 12.00
# Visual Studio Version 17
VisualStudioVersion = 17.13.35806.99 d17.13
MinimumVisualStudioVersion = 10.0.40219.1
Project("{FAE04EC0-301F-11D3-BF4B-00C04F79EFBC}") = "MvcMovie", "MvcMovie.csproj", "{8D1AF63F-CE9D-4BA1-8DE0-27B34C4AD89E}"
EndProject
Global
	GlobalSection(SolutionConfigurationPlatforms) = preSolution
		Debug|Any CPU = Debug|Any CPU
		Release|Any CPU = Release|Any CPU
	EndGlobalSection
	GlobalSection(ProjectConfigurationPlatforms) = postSolution
		{8D1AF63F-CE9D-4BA1-8DE0-27B34C4AD89E}.Debug|Any CPU.ActiveCfg = Debug|Any CPU
		{8D1AF63F-CE9D-4BA1-8DE0-27B34C4AD89E}.Debug|Any CPU.Build.0 = Debug|Any CPU
		{8D1AF63F-CE9D-4BA1-8DE0-27B34C4AD89E}.Release|Any CPU.ActiveCfg = Release|Any CPU
		{8D1AF63F-CE9D-4BA1-8DE0-27B34C4AD89E}.Release|Any CPU.Build.0 = Release|Any CPU
	EndGlobalSection
	GlobalSection(SolutionProperties) = preSolution
		HideSolutionNode = FALSE
	EndGlobalSection
	GlobalSection(ExtensibilityGlobals) = postSolution
		SolutionGuid = {084BA469-4FED-4619-A3C5-2DAADB2B8B6C}
	EndGlobalSection
EndGlobal
